<?xml version="1.0" encoding="utf-8"?>
<Project ToolsVersion="4.0" xmlns="http://schemas.microsoft.com/developer/msbuild/2003">
  <ItemGroup>
    <ClCompile Include="BloodRequest.cpp" />
    <ClCompile Include="CompatibilityChecker.cpp" />
    <ClCompile Include="main.cpp" />
    <ClCompile Include="Models\User.cpp" />
    <ClCompile Include="Utilities\FileManager.cpp" />
    <ClCompile Include="Views\BloodBankSystem.cpp" />
    <ClCompile Include="Views\BloodRequestForm.cpp" />
  </ItemGroup>
  <ItemGroup>
    <ClInclude Include="BloodRequest.h" />
    <ClInclude Include="CompatibilityChecker.h" />
    <ClInclude Include="Models\User.h" />
    <ClInclude Include="Utilities\FileManager.h" />
  </ItemGroup>
  <ItemGroup>
    <QtMoc Include="Views\BloodBankSystem.h" />
    <QtMoc Include="Views\BloodRequestForm.h" />
  </ItemGroup>
  <ItemGroup>
    <QtRcc Include="Resources\BloodBankSystem.qrc" />
  </ItemGroup>
  <ItemGroup>
    <QtUic Include="Views\BloodBankSystem.ui" />
    <QtUic Include="Views\BloodRequestForm.ui" />
  </ItemGroup>
  <ItemGroup>
    <None Include=".gitattributes" />
    <None Include=".gitignore" />
    <None Include="Database\.gitkeep" />
    <None Include="Models\.gitkeep" />
    <None Include="README.md" />
    <None Include="Resources\.gitkeep" />
    <None Include="Utilities\.gitkeep" />
    <None Include="Views\.gitkeep" />
  </ItemGroup>
</Project>